
Microsoft Visual Studio Solution File, Format Version 12.00
# Visual Studio Version 16
VisualStudioVersion = 16.0.32106.194
MinimumVisualStudioVersion = 10.0.40219.1
Project("{9A19103F-16F7-4668-BE54-9A1E7A4F7556}") = "sistema", "sistema\sistema.csproj", "{E004C2F4-A79B-46DC-9650-3BD44E29AEE2}"
EndProject
Project("{54435603-DBB4-11D2-8724-00A0C9A8B90C}") = "Instalador_Super_Bem", "sistema\instalador\Instalador_Super_Bem\Instalador_Super_Bem.vdproj", "{5E7BCDC6-3DE6-44B7-AC50-C09790564F38}"
EndProject
Global
	GlobalSection(SolutionConfigurationPlatforms) = preSolution
		Debug|Any CPU = Debug|Any CPU
		Release|Any CPU = Release|Any CPU
	EndGlobalSection
	GlobalSection(ProjectConfigurationPlatforms) = postSolution
		{E004C2F4-A79B-46DC-9650-3BD44E29AEE2}.Debug|Any CPU.ActiveCfg = Debug|Any CPU
		{E004C2F4-A79B-46DC-9650-3BD44E29AEE2}.Debug|Any CPU.Build.0 = Debug|Any CPU
		{E004C2F4-A79B-46DC-9650-3BD44E29AEE2}.Release|Any CPU.ActiveCfg = Release|Any CPU
		{E004C2F4-A79B-46DC-9650-3BD44E29AEE2}.Release|Any CPU.Build.0 = Release|Any CPU
		{5E7BCDC6-3DE6-44B7-AC50-C09790564F38}.Debug|Any CPU.ActiveCfg = Debug
		{5E7BCDC6-3DE6-44B7-AC50-C09790564F38}.Release|Any CPU.ActiveCfg = Release
	EndGlobalSection
	GlobalSection(SolutionProperties) = preSolution
		HideSolutionNode = FALSE
	EndGlobalSection
	GlobalSection(ExtensibilityGlobals) = postSolution
		SolutionGuid = {3CE43950-0635-46AF-A7ED-6F43AE5E016D}
	EndGlobalSection
EndGlobal
